
Microsoft Visual Studio Solution File, Format Version 12.00
# Visual Studio 15
VisualStudioVersion = 15.0.27703.2026
MinimumVisualStudioVersion = 10.0.40219.1
Project("{FAE04EC0-301F-11D3-BF4B-00C04F79EFBC}") = "CSharpToSqlLibary", "CSharpToSqlLibary\CSharpToSqlLibary.csproj", "{E0563EAC-FF58-4B97-A96D-EE91BAEDA4A0}"
EndProject
Project("{FAE04EC0-301F-11D3-BF4B-00C04F79EFBC}") = "SqlLibrary", "SqlLibrary\SqlLibrary.csproj", "{4960E56B-5F4C-430B-AC4A-21F6FA6B11DA}"
EndProject
Global
	GlobalSection(SolutionConfigurationPlatforms) = preSolution
		Debug|Any CPU = Debug|Any CPU
		Release|Any CPU = Release|Any CPU
	EndGlobalSection
	GlobalSection(ProjectConfigurationPlatforms) = postSolution
		{E0563EAC-FF58-4B97-A96D-EE91BAEDA4A0}.Debug|Any CPU.ActiveCfg = Debug|Any CPU
		{E0563EAC-FF58-4B97-A96D-EE91BAEDA4A0}.Debug|Any CPU.Build.0 = Debug|Any CPU
		{E0563EAC-FF58-4B97-A96D-EE91BAEDA4A0}.Release|Any CPU.ActiveCfg = Release|Any CPU
		{E0563EAC-FF58-4B97-A96D-EE91BAEDA4A0}.Release|Any CPU.Build.0 = Release|Any CPU
		{4960E56B-5F4C-430B-AC4A-21F6FA6B11DA}.Debug|Any CPU.ActiveCfg = Debug|Any CPU
		{4960E56B-5F4C-430B-AC4A-21F6FA6B11DA}.Debug|Any CPU.Build.0 = Debug|Any CPU
		{4960E56B-5F4C-430B-AC4A-21F6FA6B11DA}.Release|Any CPU.ActiveCfg = Release|Any CPU
		{4960E56B-5F4C-430B-AC4A-21F6FA6B11DA}.Release|Any CPU.Build.0 = Release|Any CPU
	EndGlobalSection
	GlobalSection(SolutionProperties) = preSolution
		HideSolutionNode = FALSE
	EndGlobalSection
	GlobalSection(ExtensibilityGlobals) = postSolution
		SolutionGuid = {52CCC140-B375-4D5B-8BEA-5F0CA9F2EFDC}
	EndGlobalSection
EndGlobal
